
Microsoft Visual Studio Solution File, Format Version 12.00
# Visual Studio 14
VisualStudioVersion = 14.0.25420.1
MinimumVisualStudioVersion = 10.0.40219.1
Project("{FAE04EC0-301F-11D3-BF4B-00C04F79EFBC}") = "PhamNhatAn_2011064174_20", "PhamNhatAn_2011064174_20\PhamNhatAn_2011064174_20.csproj", "{65E21C93-FBEB-45DE-A8A1-7013B4AA9F05}"
EndProject
Global
	GlobalSection(SolutionConfigurationPlatforms) = preSolution
		Debug|Any CPU = Debug|Any CPU
		Release|Any CPU = Release|Any CPU
	EndGlobalSection
	GlobalSection(ProjectConfigurationPlatforms) = postSolution
		{65E21C93-FBEB-45DE-A8A1-7013B4AA9F05}.Debug|Any CPU.ActiveCfg = Debug|Any CPU
		{65E21C93-FBEB-45DE-A8A1-7013B4AA9F05}.Debug|Any CPU.Build.0 = Debug|Any CPU
		{65E21C93-FBEB-45DE-A8A1-7013B4AA9F05}.Release|Any CPU.ActiveCfg = Release|Any CPU
		{65E21C93-FBEB-45DE-A8A1-7013B4AA9F05}.Release|Any CPU.Build.0 = Release|Any CPU
	EndGlobalSection
	GlobalSection(SolutionProperties) = preSolution
		HideSolutionNode = FALSE
	EndGlobalSection
EndGlobal
